
Microsoft Visual Studio Solution File, Format Version 12.00
Project("{FAE04EC0-301F-11D3-BF4B-00C04F79EFBC}") = "LibraryDemo", "LibraryDemo\LibraryDemo.csproj", "{F38F136E-B3DB-44E9-BE46-520D41FB751C}"
EndProject
Global
	GlobalSection(SolutionConfigurationPlatforms) = preSolution
		Debug|Any CPU = Debug|Any CPU
		Release|Any CPU = Release|Any CPU
	EndGlobalSection
	GlobalSection(ProjectConfigurationPlatforms) = postSolution
		{F38F136E-B3DB-44E9-BE46-520D41FB751C}.Debug|Any CPU.ActiveCfg = Debug|Any CPU
		{F38F136E-B3DB-44E9-BE46-520D41FB751C}.Debug|Any CPU.Build.0 = Debug|Any CPU
		{F38F136E-B3DB-44E9-BE46-520D41FB751C}.Release|Any CPU.ActiveCfg = Release|Any CPU
		{F38F136E-B3DB-44E9-BE46-520D41FB751C}.Release|Any CPU.Build.0 = Release|Any CPU
	EndGlobalSection
EndGlobal
