
Microsoft Visual Studio Solution File, Format Version 12.00
Project("{FAE04EC0-301F-11D3-BF4B-00C04F79EFBC}") = "UnitTests", "UnitTests\UnitTests.csproj", "{03A0B9E5-E0D5-4934-AAEA-22910FB686A7}"
EndProject
Global
	GlobalSection(SolutionConfigurationPlatforms) = preSolution
		Debug|Any CPU = Debug|Any CPU
		Release|Any CPU = Release|Any CPU
	EndGlobalSection
	GlobalSection(ProjectConfigurationPlatforms) = postSolution
		{03A0B9E5-E0D5-4934-AAEA-22910FB686A7}.Debug|Any CPU.ActiveCfg = Debug|Any CPU
		{03A0B9E5-E0D5-4934-AAEA-22910FB686A7}.Debug|Any CPU.Build.0 = Debug|Any CPU
		{03A0B9E5-E0D5-4934-AAEA-22910FB686A7}.Release|Any CPU.ActiveCfg = Release|Any CPU
		{03A0B9E5-E0D5-4934-AAEA-22910FB686A7}.Release|Any CPU.Build.0 = Release|Any CPU
	EndGlobalSection
EndGlobal
